
Microsoft Visual Studio Solution File, Format Version 12.00
# Visual Studio Version 17
VisualStudioVersion = 17.6.33829.357
MinimumVisualStudioVersion = 10.0.40219.1
Project("{FAE04EC0-301F-11D3-BF4B-00C04F79EFBC}") = "Veri_Tabanı_Parti_Secim_Grafik_İstatistik", "Veri_Tabanı_Parti_Secim_Grafik_İstatistik\Veri_Tabanı_Parti_Secim_Grafik_İstatistik.csproj", "{2D5B607D-B6AD-419B-ABE0-4AB6AEA2F5D6}"
EndProject
Global
	GlobalSection(SolutionConfigurationPlatforms) = preSolution
		Debug|Any CPU = Debug|Any CPU
		Release|Any CPU = Release|Any CPU
	EndGlobalSection
	GlobalSection(ProjectConfigurationPlatforms) = postSolution
		{2D5B607D-B6AD-419B-ABE0-4AB6AEA2F5D6}.Debug|Any CPU.ActiveCfg = Debug|Any CPU
		{2D5B607D-B6AD-419B-ABE0-4AB6AEA2F5D6}.Debug|Any CPU.Build.0 = Debug|Any CPU
		{2D5B607D-B6AD-419B-ABE0-4AB6AEA2F5D6}.Release|Any CPU.ActiveCfg = Release|Any CPU
		{2D5B607D-B6AD-419B-ABE0-4AB6AEA2F5D6}.Release|Any CPU.Build.0 = Release|Any CPU
	EndGlobalSection
	GlobalSection(SolutionProperties) = preSolution
		HideSolutionNode = FALSE
	EndGlobalSection
	GlobalSection(ExtensibilityGlobals) = postSolution
		SolutionGuid = {9EB0B7C0-7E16-4BF7-8E95-9C2F4A6DFA95}
	EndGlobalSection
EndGlobal
